
Microsoft Visual Studio Solution File, Format Version 12.00
# Visual Studio Version 16
VisualStudioVersion = 16.0.29911.98
MinimumVisualStudioVersion = 10.0.40219.1
Project("{FAE04EC0-301F-11D3-BF4B-00C04F79EFBC}") = "BlazorPlayground", "BlazorPlayground\BlazorPlayground.csproj", "{66962B10-B3C8-4A74-911E-39B08FA2AA80}"
EndProject
Global
	GlobalSection(SolutionConfigurationPlatforms) = preSolution
		Debug|Any CPU = Debug|Any CPU
		Release|Any CPU = Release|Any CPU
	EndGlobalSection
	GlobalSection(ProjectConfigurationPlatforms) = postSolution
		{66962B10-B3C8-4A74-911E-39B08FA2AA80}.Debug|Any CPU.ActiveCfg = Debug|Any CPU
		{66962B10-B3C8-4A74-911E-39B08FA2AA80}.Debug|Any CPU.Build.0 = Debug|Any CPU
		{66962B10-B3C8-4A74-911E-39B08FA2AA80}.Release|Any CPU.ActiveCfg = Release|Any CPU
		{66962B10-B3C8-4A74-911E-39B08FA2AA80}.Release|Any CPU.Build.0 = Release|Any CPU
	EndGlobalSection
	GlobalSection(SolutionProperties) = preSolution
		HideSolutionNode = FALSE
	EndGlobalSection
	GlobalSection(ExtensibilityGlobals) = postSolution
		SolutionGuid = {5E739AF9-232F-44A8-A691-623FA086D152}
	EndGlobalSection
EndGlobal
